lockfileVersion: 5.3

specifiers:
  stylelint-config-prettier-scss: ^0.0.1
  stylelint-config-standard-scss: ^4.0.0

dependencies:
  stylelint-config-prettier-scss: 0.0.1
  stylelint-config-standard-scss: 4.0.0

packages:

  /cssesc/3.0.0:
    resolution: {integrity: sha512-/Tb/JcjK111nNScGob5MNtsntNM1aCNUDipB/TkwZFhyDrrE47SOx/18wF2bbjgc3ZzCSKW1T5nt5EbFoAz/Vg==}
    engines: {node: '>=4'}
    hasBin: true
    dev: false

  /lodash/4.17.21:
    resolution: {integrity: sha512-v2kDEe57lecTulaDIuNTPy3Ry4gLGJ6Z1O3vE1krgXZNrsQ+LFTGHVxVjcXPs17LhbZVGedAJv8XZ1tvj5FvSg==}
    dev: false

  /postcss-media-query-parser/0.2.3:
    resolution: {integrity: sha512-3sOlxmbKcSHMjlUXQZKQ06jOswE7oVkXPxmZdoB1r5l0q6gTFTQSHxNxOrCccElbW7dxNytifNEo8qidX2Vsig==}
    dev: false

  /postcss-resolve-nested-selector/0.1.1:
    resolution: {integrity: sha512-HvExULSwLqHLgUy1rl3ANIqCsvMS0WHss2UOsXhXnQaZ9VCc2oBvIpXrl00IUFT5ZDITME0o6oiXeiHr2SAIfw==}
    dev: false

  /postcss-scss/4.0.4:
    resolution: {integrity: sha512-aBBbVyzA8b3hUL0MGrpydxxXKXFZc5Eqva0Q3V9qsBOLEMsjb6w49WfpsoWzpEgcqJGW4t7Rio8WXVU9Gd8vWg==}
    engines: {node: '>=12.0'}
    peerDependencies:
      postcss: ^8.3.3
    dev: false

  /postcss-selector-parser/6.0.10:
    resolution: {integrity: sha512-IQ7TZdoaqbT+LCpShg46jnZVlhWD2w6iQYAcYXfHARZ7X1t/UGhhceQDs5X0cGqKvYlHNOuv7Oa1xmb0oQuA3w==}
    engines: {node: '>=4'}
    dependencies:
      cssesc: 3.0.0
      util-deprecate: 1.0.2
    dev: false

  /postcss-value-parser/4.2.0:
    resolution: {integrity: sha512-1NNCs6uurfkVbeXG4S8JFT9t19m45ICnif8zWLd5oPSZ50QnwMfK+H3jv408d4jw/7Bttv5axS5IiHoLaVNHeQ==}
    dev: false

  /stylelint-config-prettier-scss/0.0.1:
    resolution: {integrity: sha512-lBAYG9xYOh2LeWEPC/64xeUxwOTnQ8nDyBijQoWoJb10/bMGrUwnokpt8jegGck2Vbtxh6XGwH63z5qBcVHreQ==}
    engines: {node: '>= 12'}
    hasBin: true
    peerDependencies:
      stylelint: '>=11.0.0'
    dependencies:
      stylelint-config-prettier: 9.0.3
    dev: false

  /stylelint-config-prettier/9.0.3:
    resolution: {integrity: sha512-5n9gUDp/n5tTMCq1GLqSpA30w2sqWITSSEiAWQlpxkKGAUbjcemQ0nbkRvRUa0B1LgD3+hCvdL7B1eTxy1QHJg==}
    engines: {node: '>= 12'}
    hasBin: true
    peerDependencies:
      stylelint: '>=11.0.0'
    dev: false

  /stylelint-config-recommended-scss/6.0.0:
    resolution: {integrity: sha512-6QOe2/OzXV2AP5FE12A7+qtKdZik7Saf42SMMl84ksVBBPpTdrV+9HaCbPYiRMiwELY9hXCVdH4wlJ+YJb5eig==}
    peerDependencies:
      stylelint: ^14.4.0
    dependencies:
      postcss-scss: 4.0.4
      stylelint-config-recommended: 7.0.0
      stylelint-scss: 4.2.0
    transitivePeerDependencies:
      - postcss
    dev: false

  /stylelint-config-recommended/7.0.0:
    resolution: {integrity: sha512-yGn84Bf/q41J4luis1AZ95gj0EQwRX8lWmGmBwkwBNSkpGSpl66XcPTulxGa/Z91aPoNGuIGBmFkcM1MejMo9Q==}
    peerDependencies:
      stylelint: ^14.4.0
    dev: false

  /stylelint-config-standard-scss/4.0.0:
    resolution: {integrity: sha512-xizu8PTEyB6zYXBiVg6VtvUYn9m57x+6ZtaOdaxsfpbe5eagLPGNlbYnKfm/CfN69ArUpnwR6LjgsTHzlGbtXQ==}
    peerDependencies:
      stylelint: ^14.4.0
    dependencies:
      stylelint-config-recommended-scss: 6.0.0
      stylelint-config-standard: 25.0.0
    transitivePeerDependencies:
      - postcss
    dev: false

  /stylelint-config-standard/25.0.0:
    resolution: {integrity: sha512-21HnP3VSpaT1wFjFvv9VjvOGDtAviv47uTp3uFmzcN+3Lt+RYRv6oAplLaV51Kf792JSxJ6svCJh/G18E9VnCA==}
    peerDependencies:
      stylelint: ^14.4.0
    dependencies:
      stylelint-config-recommended: 7.0.0
    dev: false

  /stylelint-scss/4.2.0:
    resolution: {integrity: sha512-HHHMVKJJ5RM9pPIbgJ/XA67h9H0407G68Rm69H4fzFbFkyDMcTV1Byep3qdze5+fJ3c0U7mJrbj6S0Fg072uZA==}
    peerDependencies:
      stylelint: ^14.5.1
    dependencies:
      lodash: 4.17.21
      postcss-media-query-parser: 0.2.3
      postcss-resolve-nested-selector: 0.1.1
      postcss-selector-parser: 6.0.10
      postcss-value-parser: 4.2.0
    dev: false

  /util-deprecate/1.0.2:
    resolution: {integrity: sha512-EPD5q1uXyFxJpCrLnCc1nHnq3gOa6DZBocAIiI2TaSCA7VCJ1UJDMagCzIkXNsUYfD1daK//LTEQ8xiIbrHtcw==}
    dev: false
